// !$*UTF8*$!
{
	archiveVersion = 1;
	classes = {
	};
	objectVersion = 46;
	objects = {

/* Begin PBXBuildFile section */
		368FED341B1F66D500E5316E /* main.m in Sources */ = {isa = PBXBuildFile; fileRef = 368FED331B1F66D500E5316E /* main.m */; };
		368FED371B1F66D500E5316E /* AppDelegate.m in Sources */ = {isa = PBXBuildFile; fileRef = 368FED361B1F66D500E5316E /* AppDelegate.m */; };
		368FED3A1B1F66D500E5316E /* ViewController.m in Sources */ = {isa = PBXBuildFile; fileRef = 368FED391B1F66D500E5316E /* ViewController.m */; };
		368FED3D1B1F66D500E5316E /* Main.storyboard in Resources */ = {isa = PBXBuildFile; fileRef = 368FED3B1B1F66D500E5316E /* Main.storyboard */; };
		368FED3F1B1F66D500E5316E /* Images.xcassets in Resources */ = {isa = PBXBuildFile; fileRef = 368FED3E1B1F66D500E5316E /* Images.xcassets */; };
		368FED421B1F66D500E5316E /* LaunchScreen.xib in Resources */ = {isa = PBXBuildFile; fileRef = 368FED401B1F66D500E5316E /* LaunchScreen.xib */; };
		368FED4E1B1F66D500E5316E /* PerfectScanTests.m in Sources */ = {isa = PBXBuildFile; fileRef = 368FED4D1B1F66D500E5316E /* PerfectScanTests.m */; };
		368FED5E1B1F673F00E5316E /* PSCommonViewController.m in Sources */ = {isa = PBXBuildFile; fileRef = 368FED5D1B1F673F00E5316E /* PSCommonViewController.m */; };
		368FED611B1F676400E5316E /* PSMainViewController.m in Sources */ = {isa = PBXBuildFile; fileRef = 368FED601B1F676400E5316E /* PSMainViewController.m */; };
		368FED641B1F677100E5316E /* PSUtils.m in Sources */ = {isa = PBXBuildFile; fileRef = 368FED631B1F677100E5316E /* PSUtils.m */; };
		368FED671B1F678000E5316E /* PSScan.m in Sources */ = {isa = PBXBuildFile; fileRef = 368FED661B1F678000E5316E /* PSScan.m */; };
/* End PBXBuildFile section */

/* Begin PBXContainerItemProxy section */
		368FED481B1F66D500E5316E /* PBXContainerItemProxy */ = {
			isa = PBXContainerItemProxy;
			containerPortal = 368FED261B1F66D500E5316E /* Project object */;
			proxyType = 1;
			remoteGlobalIDString = 368FED2D1B1F66D500E5316E;
			remoteInfo = PerfectScan;
		};
/* End PBXContainerItemProxy section */

/* Begin PBXFileReference section */
		368FED2E1B1F66D500E5316E /* PerfectScan.app */ = {isa = PBXFileReference; explicitFileType = wrapper.application; includeInIndex = 0; path = PerfectScan.app; sourceTree = BUILT_PRODUCTS_DIR; };
		368FED321B1F66D500E5316E /* Info.plist */ = {isa = PBXFileReference; lastKnownFileType = text.plist.xml; path = Info.plist; sourceTree = "<group>"; };
		368FED331B1F66D500E5316E /* main.m */ = {isa = PBXFileReference; lastKnownFileType = sourcecode.c.objc; path = main.m; sourceTree = "<group>"; };
		368FED351B1F66D500E5316E /* AppDelegate.h */ = {isa = PBXFileReference; lastKnownFileType = sourcecode.c.h; path = AppDelegate.h; sourceTree = "<group>"; };
		368FED361B1F66D500E5316E /* AppDelegate.m */ = {isa = PBXFileReference; lastKnownFileType = sourcecode.c.objc; path = AppDelegate.m; sourceTree = "<group>"; };
		368FED381B1F66D500E5316E /* ViewController.h */ = {isa = PBXFileReference; lastKnownFileType = sourcecode.c.h; path = ViewController.h; sourceTree = "<group>"; };
		368FED391B1F66D500E5316E /* ViewController.m */ = {isa = PBXFileReference; lastKnownFileType = sourcecode.c.objc; path = ViewController.m; sourceTree = "<group>"; };
		368FED3C1B1F66D500E5316E /* Base */ = {isa = PBXFileReference; lastKnownFileType = file.storyboard; name = Base; path = Base.lproj/Main.storyboard; sourceTree = "<group>"; };
		368FED3E1B1F66D500E5316E /* Images.xcassets */ = {isa = PBXFileReference; lastKnownFileType = folder.assetcatalog; path = Images.xcassets; sourceTree = "<group>"; };
		368FED411B1F66D500E5316E /* Base */ = {isa = PBXFileReference; lastKnownFileType = file.xib; name = Base; path = Base.lproj/LaunchScreen.xib; sourceTree = "<group>"; };
		368FED471B1F66D500E5316E /* PerfectScanTests.xctest */ = {isa = PBXFileReference; explicitFileType = wrapper.cfbundle; includeInIndex = 0; path = PerfectScanTests.xctest; sourceTree = BUILT_PRODUCTS_DIR; };
		368FED4C1B1F66D500E5316E /* Info.plist */ = {isa = PBXFileReference; lastKnownFileType = text.plist.xml; path = Info.plist; sourceTree = "<group>"; };
		368FED4D1B1F66D500E5316E /* PerfectScanTests.m */ = {isa = PBXFileReference; lastKnownFileType = sourcecode.c.objc; path = PerfectScanTests.m; sourceTree = "<group>"; };
		368FED5C1B1F673F00E5316E /* PSCommonViewController.h */ = {isa = PBXFileReference; fileEncoding = 4; lastKnownFileType = sourcecode.c.h; name = PSCommonViewController.h; path = Components/PSCommonViewController.h; sourceTree = "<group>"; };
		368FED5D1B1F673F00E5316E /* PSCommonViewController.m */ = {isa = PBXFileReference; fileEncoding = 4; lastKnownFileType = sourcecode.c.objc; name = PSCommonViewController.m; path = Components/PSCommonViewController.m; sourceTree = "<group>"; };
		368FED5F1B1F676400E5316E /* PSMainViewController.h */ = {isa = PBXFileReference; fileEncoding = 4; lastKnownFileType = sourcecode.c.h; path = PSMainViewController.h; sourceTree = "<group>"; };
		368FED601B1F676400E5316E /* PSMainViewController.m */ = {isa = PBXFileReference; fileEncoding = 4; lastKnownFileType = sourcecode.c.objc; path = PSMainViewController.m; sourceTree = "<group>"; };
		368FED621B1F677100E5316E /* PSUtils.h */ = {isa = PBXFileReference; fileEncoding = 4; lastKnownFileType = sourcecode.c.h; path = PSUtils.h; sourceTree = "<group>"; };
		368FED631B1F677100E5316E /* PSUtils.m */ = {isa = PBXFileReference; fileEncoding = 4; lastKnownFileType = sourcecode.c.objc; path = PSUtils.m; sourceTree = "<group>"; };
		368FED651B1F678000E5316E /* PSScan.h */ = {isa = PBXFileReference; fileEncoding = 4; lastKnownFileType = sourcecode.c.h; name = PSScan.h; path = Models/PSScan.h; sourceTree = "<group>"; };
		368FED661B1F678000E5316E /* PSScan.m */ = {isa = PBXFileReference; fileEncoding = 4; lastKnownFileType = sourcecode.c.objc; name = PSScan.m; path = Models/PSScan.m; sourceTree = "<group>"; };
/* End PBXFileReference section */

/* Begin PBXFrameworksBuildPhase section */
		368FED2B1B1F66D500E5316E /* Frameworks */ = {
			isa = PBXFrameworksBuildPhase;
			buildActionMask = 2147483647;
			files = (
			);
			runOnlyForDeploymentPostprocessing = 0;
		};
		368FED441B1F66D500E5316E /* Frameworks */ = {
			isa = PBXFrameworksBuildPhase;
			buildActionMask = 2147483647;
			files = (
			);
			runOnlyForDeploymentPostprocessing = 0;
		};
/* End PBXFrameworksBuildPhase section */

/* Begin PBXGroup section */
		368FED251B1F66D500E5316E = {
			isa = PBXGroup;
			children = (
				368FED301B1F66D500E5316E /* PerfectScan */,
				368FED4A1B1F66D500E5316E /* PerfectScanTests */,
				368FED2F1B1F66D500E5316E /* Products */,
			);
			sourceTree = "<group>";
		};
		368FED2F1B1F66D500E5316E /* Products */ = {
			isa = PBXGroup;
			children = (
				368FED2E1B1F66D500E5316E /* PerfectScan.app */,
				368FED471B1F66D500E5316E /* PerfectScanTests.xctest */,
			);
			name = Products;
			sourceTree = "<group>";
		};
		368FED301B1F66D500E5316E /* PerfectScan */ = {
			isa = PBXGroup;
			children = (
				368FED5B1B1F671200E5316E /* Libraries */,
				368FED5A1B1F670900E5316E /* Components */,
				368FED591B1F66FE00E5316E /* Utils */,
				368FED581B1F66F800E5316E /* Models */,
				368FED571B1F66F100E5316E /* ViewControllers */,
				368FED351B1F66D500E5316E /* AppDelegate.h */,
				368FED361B1F66D500E5316E /* AppDelegate.m */,
				368FED381B1F66D500E5316E /* ViewController.h */,
				368FED391B1F66D500E5316E /* ViewController.m */,
				368FED3B1B1F66D500E5316E /* Main.storyboard */,
				368FED3E1B1F66D500E5316E /* Images.xcassets */,
				368FED401B1F66D500E5316E /* LaunchScreen.xib */,
				368FED311B1F66D500E5316E /* Supporting Files */,
			);
			path = PerfectScan;
			sourceTree = "<group>";
		};
		368FED311B1F66D500E5316E /* Supporting Files */ = {
			isa = PBXGroup;
			children = (
				368FED321B1F66D500E5316E /* Info.plist */,
				368FED331B1F66D500E5316E /* main.m */,
			);
			name = "Supporting Files";
			sourceTree = "<group>";
		};
		368FED4A1B1F66D500E5316E /* PerfectScanTests */ = {
			isa = PBXGroup;
			children = (
				368FED4D1B1F66D500E5316E /* PerfectScanTests.m */,
				368FED4B1B1F66D500E5316E /* Supporting Files */,
			);
			path = PerfectScanTests;
			sourceTree = "<group>";
		};
		368FED4B1B1F66D500E5316E /* Supporting Files */ = {
			isa = PBXGroup;
			children = (
				368FED4C1B1F66D500E5316E /* Info.plist */,
			);
			name = "Supporting Files";
			sourceTree = "<group>";
		};
		368FED571B1F66F100E5316E /* ViewControllers */ = {
			isa = PBXGroup;
			children = (
				368FED5F1B1F676400E5316E /* PSMainViewController.h */,
				368FED601B1F676400E5316E /* PSMainViewController.m */,
			);
			name = ViewControllers;
			sourceTree = "<group>";
		};
		368FED581B1F66F800E5316E /* Models */ = {
			isa = PBXGroup;
			children = (
				368FED651B1F678000E5316E /* PSScan.h */,
				368FED661B1F678000E5316E /* PSScan.m */,
			);
			name = Models;
			sourceTree = "<group>";
		};
		368FED591B1F66FE00E5316E /* Utils */ = {
			isa = PBXGroup;
			children = (
				368FED621B1F677100E5316E /* PSUtils.h */,
				368FED631B1F677100E5316E /* PSUtils.m */,
			);
			name = Utils;
			sourceTree = "<group>";
		};
		368FED5A1B1F670900E5316E /* Components */ = {
			isa = PBXGroup;
			children = (
				368FED5C1B1F673F00E5316E /* PSCommonViewController.h */,
				368FED5D1B1F673F00E5316E /* PSCommonViewController.m */,
			);
			name = Components;
			sourceTree = "<group>";
		};
		368FED5B1B1F671200E5316E /* Libraries */ = {
			isa = PBXGroup;
			children = (
			);
			name = Libraries;
			sourceTree = "<group>";
		};
/* End PBXGroup section */

/* Begin PBXNativeTarget section */
		368FED2D1B1F66D500E5316E /* PerfectScan */ = {
			isa = PBXNativeTarget;
			buildConfigurationList = 368FED511B1F66D500E5316E /* Build configuration list for PBXNativeTarget "PerfectScan" */;
			buildPhases = (
				368FED2A1B1F66D500E5316E /* Sources */,
				368FED2B1B1F66D500E5316E /* Frameworks */,
				368FED2C1B1F66D500E5316E /* Resources */,
			);
			buildRules = (
			);
			dependencies = (
			);
			name = PerfectScan;
			productName = PerfectScan;
			productReference = 368FED2E1B1F66D500E5316E /* PerfectScan.app */;
			productType = "com.apple.product-type.application";
		};
		368FED461B1F66D500E5316E /* PerfectScanTests */ = {
			isa = PBXNativeTarget;
			buildConfigurationList = 368FED541B1F66D500E5316E /* Build configuration list for PBXNativeTarget "PerfectScanTests" */;
			buildPhases = (
				368FED431B1F66D500E5316E /* Sources */,
				368FED441B1F66D500E5316E /* Frameworks */,
				368FED451B1F66D500E5316E /* Resources */,
			);
			buildRules = (
			);
			dependencies = (
				368FED491B1F66D500E5316E /* PBXTargetDependency */,
			);
			name = PerfectScanTests;
			productName = PerfectScanTests;
			productReference = 368FED471B1F66D500E5316E /* PerfectScanTests.xctest */;
			productType = "com.apple.product-type.bundle.unit-test";
		};
/* End PBXNativeTarget section */

/* Begin PBXProject section */
		368FED261B1F66D500E5316E /* Project object */ = {
			isa = PBXProject;
			attributes = {
				CLASSPREFIX = PS;
				LastUpgradeCheck = 0630;
				ORGANIZATIONNAME = "Than Dang";
				TargetAttributes = {
					368FED2D1B1F66D500E5316E = {
						CreatedOnToolsVersion = 6.3.1;
					};
					368FED461B1F66D500E5316E = {
						CreatedOnToolsVersion = 6.3.1;
						TestTargetID = 368FED2D1B1F66D500E5316E;
					};
				};
			};
			buildConfigurationList = 368FED291B1F66D500E5316E /* Build configuration list for PBXProject "PerfectScan" */;
			compatibilityVersion = "Xcode 3.2";
			developmentRegion = English;
			hasScannedForEncodings = 0;
			knownRegions = (
				en,
				Base,
			);
			mainGroup = 368FED251B1F66D500E5316E;
			productRefGroup = 368FED2F1B1F66D500E5316E /* Products */;
			projectDirPath = "";
			projectRoot = "";
			targets = (
				368FED2D1B1F66D500E5316E /* PerfectScan */,
				368FED461B1F66D500E5316E /* PerfectScanTests */,
			);
		};
/* End PBXProject section */

/* Begin PBXResourcesBuildPhase section */
		368FED2C1B1F66D500E5316E /* Resources */ = {
			isa = PBXResourcesBuildPhase;
			buildActionMask = 2147483647;
			files = (
				368FED3D1B1F66D500E5316E /* Main.storyboard in Resources */,
				368FED421B1F66D500E5316E /* LaunchScreen.xib in Resources */,
				368FED3F1B1F66D500E5316E /* Images.xcassets in Resources */,
			);
			runOnlyForDeploymentPostprocessing = 0;
		};
		368FED451B1F66D500E5316E /* Resources */ = {
			isa = PBXResourcesBuildPhase;
			buildActionMask = 2147483647;
			files = (
			);
			runOnlyForDeploymentPostprocessing = 0;
		};
/* End PBXResourcesBuildPhase section */

/* Begin PBXSourcesBuildPhase section */
		368FED2A1B1F66D500E5316E /* Sources */ = {
			isa = PBXSourcesBuildPhase;
			buildActionMask = 2147483647;
			files = (
				368FED3A1B1F66D500E5316E /* ViewController.m in Sources */,
				368FED371B1F66D500E5316E /* AppDelegate.m in Sources */,
				368FED5E1B1F673F00E5316E /* PSCommonViewController.m in Sources */,
				368FED671B1F678000E5316E /* PSScan.m in Sources */,
				368FED341B1F66D500E5316E /* main.m in Sources */,
				368FED641B1F677100E5316E /* PSUtils.m in Sources */,
				368FED611B1F676400E5316E /* PSMainViewController.m in Sources */,
			);
			runOnlyForDeploymentPostprocessing = 0;
		};
		368FED431B1F66D500E5316E /* Sources */ = {
			isa = PBXSourcesBuildPhase;
			buildActionMask = 2147483647;
			files = (
				368FED4E1B1F66D500E5316E /* PerfectScanTests.m in Sources */,
			);
			runOnlyForDeploymentPostprocessing = 0;
		};
/* End PBXSourcesBuildPhase section */

/* Begin PBXTargetDependency section */
		368FED491B1F66D500E5316E /* PBXTargetDependency */ = {
			isa = PBXTargetDependency;
			target = 368FED2D1B1F66D500E5316E /* PerfectScan */;
			targetProxy = 368FED481B1F66D500E5316E /* PBXContainerItemProxy */;
		};
/* End PBXTargetDependency section */

/* Begin PBXVariantGroup section */
		368FED3B1B1F66D500E5316E /* Main.storyboard */ = {
			isa = PBXVariantGroup;
			children = (
				368FED3C1B1F66D500E5316E /* Base */,
			);
			name = Main.storyboard;
			sourceTree = "<group>";
		};
		368FED401B1F66D500E5316E /* LaunchScreen.xib */ = {
			isa = PBXVariantGroup;
			children = (
				368FED411B1F66D500E5316E /* Base */,
			);
			name = LaunchScreen.xib;
			sourceTree = "<group>";
		};
/* End PBXVariantGroup section */

/* Begin XCBuildConfiguration section */
		368FED4F1B1F66D500E5316E /* Debug */ = {
			isa = XCBuildConfiguration;
			buildSettings = {
				ALWAYS_SEARCH_USER_PATHS = NO;
				CLANG_CXX_LANGUAGE_STANDARD = "gnu++0x";
				CLANG_CXX_LIBRARY = "libc++";
				CLANG_ENABLE_MODULES = YES;
				CLANG_ENABLE_OBJC_ARC = YES;
				CLANG_WARN_BOOL_CONVERSION = YES;
				CLANG_WARN_CONSTANT_CONVERSION = YES;
				CLANG_WARN_DIRECT_OBJC_ISA_USAGE = YES_ERROR;
				CLANG_WARN_EMPTY_BODY = YES;
				CLANG_WARN_ENUM_CONVERSION = YES;
				CLANG_WARN_INT_CONVERSION = YES;
				CLANG_WARN_OBJC_ROOT_CLASS = YES_ERROR;
				CLANG_WARN_UNREACHABLE_CODE = YES;
				CLANG_WARN__DUPLICATE_METHOD_MATCH = YES;
				"CODE_SIGN_IDENTITY[sdk=iphoneos*]" = "iPhone Developer";
				COPY_PHASE_STRIP = NO;
				DEBUG_INFORMATION_FORMAT = "dwarf-with-dsym";
				ENABLE_STRICT_OBJC_MSGSEND = YES;
				GCC_C_LANGUAGE_STANDARD = gnu99;
				GCC_DYNAMIC_NO_PIC = NO;
				GCC_NO_COMMON_BLOCKS = YES;
				GCC_OPTIMIZATION_LEVEL = 0;
				GCC_PREPROCESSOR_DEFINITIONS = (
					"DEBUG=1",
					"$(inherited)",
				);
				GCC_SYMBOLS_PRIVATE_EXTERN = NO;
				GCC_WARN_64_TO_32_BIT_CONVERSION = YES;
				GCC_WARN_ABOUT_RETURN_TYPE = YES_ERROR;
				GCC_WARN_UNDECLARED_SELECTOR = YES;
				GCC_WARN_UNINITIALIZED_AUTOS = YES_AGGRESSIVE;
				GCC_WARN_UNUSED_FUNCTION = YES;
				GCC_WARN_UNUSED_VARIABLE = YES;
				IPHONEOS_DEPLOYMENT_TARGET = 8.3;
				MTL_ENABLE_DEBUG_INFO = YES;
				ONLY_ACTIVE_ARCH = YES;
				SDKROOT = iphoneos;
				TARGETED_DEVICE_FAMILY = "1,2";
			};
			name = Debug;
		};
		368FED501B1F66D500E5316E /* Release */ = {
			isa = XCBuildConfiguration;
			buildSettings = {
				ALWAYS_SEARCH_USER_PATHS = NO;
				CLANG_CXX_LANGUAGE_STANDARD = "gnu++0x";
				CLANG_CXX_LIBRARY = "libc++";
				CLANG_ENABLE_MODULES = YES;
				CLANG_ENABLE_OBJC_ARC = YES;
				CLANG_WARN_BOOL_CONVERSION = YES;
				CLANG_WARN_CONSTANT_CONVERSION = YES;
				CLANG_WARN_DIRECT_OBJC_ISA_USAGE = YES_ERROR;
				CLANG_WARN_EMPTY_BODY = YES;
				CLANG_WARN_ENUM_CONVERSION = YES;
				CLANG_WARN_INT_CONVERSION = YES;
				CLANG_WARN_OBJC_ROOT_CLASS = YES_ERROR;
				CLANG_WARN_UNREACHABLE_CODE = YES;
				CLANG_WARN__DUPLICATE_METHOD_MATCH = YES;
				"CODE_SIGN_IDENTITY[sdk=iphoneos*]" = "iPhone Developer";
				COPY_PHASE_STRIP = NO;
				DEBUG_INFORMATION_FORMAT = "dwarf-with-dsym";
				ENABLE_NS_ASSERTIONS = NO;
				ENABLE_STRICT_OBJC_MSGSEND = YES;
				GCC_C_LANGUAGE_STANDARD = gnu99;
				GCC_NO_COMMON_BLOCKS = YES;
				GCC_WARN_64_TO_32_BIT_CONVERSION = YES;
				GCC_WARN_ABOUT_RETURN_TYPE = YES_ERROR;
				GCC_WARN_UNDECLARED_SELECTOR = YES;
				GCC_WARN_UNINITIALIZED_AUTOS = YES_AGGRESSIVE;
				GCC_WARN_UNUSED_FUNCTION = YES;
				GCC_WARN_UNUSED_VARIABLE = YES;
				IPHONEOS_DEPLOYMENT_TARGET = 8.3;
				MTL_ENABLE_DEBUG_INFO = NO;
				SDKROOT = iphoneos;
				TARGETED_DEVICE_FAMILY = "1,2";
				VALIDATE_PRODUCT = YES;
			};
			name = Release;
		};
		368FED521B1F66D500E5316E /* Debug */ = {
			isa = XCBuildConfiguration;
			buildSettings = {
				ASSETCATALOG_COMPILER_APPICON_NAME = AppIcon;
				INFOPLIST_FILE = PerfectScan/Info.plist;
				IPHONEOS_DEPLOYMENT_TARGET = 7.0;
				LD_RUNPATH_SEARCH_PATHS = "$(inherited) @executable_path/Frameworks";
				PRODUCT_NAME = "$(TARGET_NAME)";
			};
			name = Debug;
		};
		368FED531B1F66D500E5316E /* Release */ = {
			isa = XCBuildConfiguration;
			buildSettings = {
				ASSETCATALOG_COMPILER_APPICON_NAME = AppIcon;
				INFOPLIST_FILE = PerfectScan/Info.plist;
				IPHONEOS_DEPLOYMENT_TARGET = 7.0;
				LD_RUNPATH_SEARCH_PATHS = "$(inherited) @executable_path/Frameworks";
				PRODUCT_NAME = "$(TARGET_NAME)";
			};
			name = Release;
		};
		368FED551B1F66D500E5316E /* Debug */ = {
			isa = XCBuildConfiguration;
			buildSettings = {
				BUNDLE_LOADER = "$(TEST_HOST)";
				FRAMEWORK_SEARCH_PATHS = (
					"$(SDKROOT)/Developer/Library/Frameworks",
					"$(inherited)",
				);
				GCC_PREPROCESSOR_DEFINITIONS = (
					"DEBUG=1",
					"$(inherited)",
				);
				INFOPLIST_FILE = PerfectScanTests/Info.plist;
				LD_RUNPATH_SEARCH_PATHS = "$(inherited) @executable_path/Frameworks @loader_path/Frameworks";
				PRODUCT_NAME = "$(TARGET_NAME)";
				TEST_HOST = "$(BUILT_PRODUCTS_DIR)/PerfectScan.app/PerfectScan";
			};
			name = Debug;
		};
		368FED561B1F66D500E5316E /* Release */ = {
			isa = XCBuildConfiguration;
			buildSettings = {
				BUNDLE_LOADER = "$(TEST_HOST)";
				FRAMEWORK_SEARCH_PATHS = (
					"$(SDKROOT)/Developer/Library/Frameworks",
					"$(inherited)",
				);
				INFOPLIST_FILE = PerfectScanTests/Info.plist;
				LD_RUNPATH_SEARCH_PATHS = "$(inherited) @executable_path/Frameworks @loader_path/Frameworks";
				PRODUCT_NAME = "$(TARGET_NAME)";
				TEST_HOST = "$(BUILT_PRODUCTS_DIR)/PerfectScan.app/PerfectScan";
			};
			name = Release;
		};
/* End XCBuildConfiguration section */

/* Begin XCConfigurationList section */
		368FED291B1F66D500E5316E /* Build configuration list for PBXProject "PerfectScan" */ = {
			isa = XCConfigurationList;
			buildConfigurations = (
				368FED4F1B1F66D500E5316E /* Debug */,
				368FED501B1F66D500E5316E /* Release */,
			);
			defaultConfigurationIsVisible = 0;
			defaultConfigurationName = Release;
		};
		368FED511B1F66D500E5316E /* Build configuration list for PBXNativeTarget "PerfectScan" */ = {
			isa = XCConfigurationList;
			buildConfigurations = (
				368FED521B1F66D500E5316E /* Debug */,
				368FED531B1F66D500E5316E /* Release */,
			);
			defaultConfigurationIsVisible = 0;
		};
		368FED541B1F66D500E5316E /* Build configuration list for PBXNativeTarget "PerfectScanTests" */ = {
			isa = XCConfigurationList;
			buildConfigurations = (
				368FED551B1F66D500E5316E /* Debug */,
				368FED561B1F66D500E5316E /* Release */,
			);
			defaultConfigurationIsVisible = 0;
		};
/* End XCConfigurationList section */
	};
	rootObject = 368FED261B1F66D500E5316E /* Project object */;
}
